
Microsoft Visual Studio Solution File, Format Version 12.00
# Visual Studio Version 17
VisualStudioVersion = 17.8.34511.84
MinimumVisualStudioVersion = 10.0.40219.1
Project("{FAE04EC0-301F-11D3-BF4B-00C04F79EFBC}") = "ConsoleApp6", "ConsoleApp6\ConsoleApp6.csproj", "{B9EBE65C-6AC0-4B06-B1D3-9B8ACEE7A981}"
EndProject
Global
	GlobalSection(SolutionConfigurationPlatforms) = preSolution
		Debug|Any CPU = Debug|Any CPU
		Release|Any CPU = Release|Any CPU
	EndGlobalSection
	GlobalSection(ProjectConfigurationPlatforms) = postSolution
		{B9EBE65C-6AC0-4B06-B1D3-9B8ACEE7A981}.Debug|Any CPU.ActiveCfg = Debug|Any CPU
		{B9EBE65C-6AC0-4B06-B1D3-9B8ACEE7A981}.Debug|Any CPU.Build.0 = Debug|Any CPU
		{B9EBE65C-6AC0-4B06-B1D3-9B8ACEE7A981}.Release|Any CPU.ActiveCfg = Release|Any CPU
		{B9EBE65C-6AC0-4B06-B1D3-9B8ACEE7A981}.Release|Any CPU.Build.0 = Release|Any CPU
	EndGlobalSection
	GlobalSection(SolutionProperties) = preSolution
		HideSolutionNode = FALSE
	EndGlobalSection
	GlobalSection(ExtensibilityGlobals) = postSolution
		SolutionGuid = {4D12F34E-E539-4422-A848-8BEF8EC921A2}
	EndGlobalSection
EndGlobal
